{
  "_license_notice": "/*\n * SEO Research — SEO Factors Research Tool\n * Copyright (C) 2026 Andrew Philip Weilbacher\n *\n * This program is free software: you can redistribute it and/or modify\n * it under the terms of the GNU Affero General Public License as published\n * by the Free Software Foundation, either version 3 of the License, or\n * (at your option) any later version.\n *\n * This program is distributed in the hope that it will be useful,\n * but WITHOUT ANY WARRANTY; without even the implied warranty of\n * MERCHANTABILITY or FITNESS FOR A PARTICULAR PURPOSE. See the\n * GNU Affero General Public License for more details.\n *\n * You should have received a copy of the GNU Affero General Public License\n * along with this program. If not, see <https://www.gnu.org/licenses/>.\n *\n * Commercial licensing: contact@marketingprowess.simplelogin.com — see COMMERCIAL.md\n */",
  "name": "SEO-Research",
  "lockfileVersion": 3,
  "requires": true,
  "packages": {
    "": {
      "dependencies": {
        "headroom-ai": "^0.22.4"
      }
    },
    "node_modules/headroom-ai": {
      "version": "0.22.4",
      "resolved": "https://registry.npmjs.org/headroom-ai/-/headroom-ai-0.22.4.tgz",
      "integrity": "sha512-9a0rgB/jsWe8gs/ggyUwe6E8DYwKAuBvlUml2ApwlUjb5EfJ611X6X+WG0SiXw3nO6sdyV1/+Ah5uw9P7ecnjw==",
      "license": "Apache-2.0",
      "engines": {
        "node": ">=18.0.0"
      },
      "peerDependencies": {
        "@ai-sdk/provider": ">=1.0.0",
        "@anthropic-ai/sdk": ">=0.30.0",
        "ai": ">=6.0.0",
        "openai": ">=4.0.0"
      },
      "peerDependenciesMeta": {
        "@ai-sdk/provider": {
          "optional": true
        },
        "@anthropic-ai/sdk": {
          "optional": true
        },
        "ai": {
          "optional": true
        },
        "openai": {
          "optional": true
        }
      }
    }
  }
}
